
Microsoft Visual Studio Solution File, Format Version 12.00
# Visual Studio Version 17
VisualStudioVersion = 17.4.33122.133
MinimumVisualStudioVersion = 10.0.40219.1
Project("{FAE04EC0-301F-11D3-BF4B-00C04F79EFBC}") = "RequestService", "RequestService.csproj", "{372294A9-84A0-42F9-9F12-25583020665D}"
EndProject
Global
	GlobalSection(SolutionConfigurationPlatforms) = preSolution
		Debug|Any CPU = Debug|Any CPU
		Release|Any CPU = Release|Any CPU
	EndGlobalSection
	GlobalSection(ProjectConfigurationPlatforms) = postSolution
		{372294A9-84A0-42F9-9F12-25583020665D}.Debug|Any CPU.ActiveCfg = Debug|Any CPU
		{372294A9-84A0-42F9-9F12-25583020665D}.Debug|Any CPU.Build.0 = Debug|Any CPU
		{372294A9-84A0-42F9-9F12-25583020665D}.Release|Any CPU.ActiveCfg = Release|Any CPU
		{372294A9-84A0-42F9-9F12-25583020665D}.Release|Any CPU.Build.0 = Release|Any CPU
	EndGlobalSection
	GlobalSection(SolutionProperties) = preSolution
		HideSolutionNode = FALSE
	EndGlobalSection
	GlobalSection(ExtensibilityGlobals) = postSolution
		SolutionGuid = {289C083D-39FB-4231-A846-DDFD0AF0FDBE}
	EndGlobalSection
EndGlobal
